
Microsoft Visual Studio Solution File, Format Version 12.00
# Visual Studio Version 17
VisualStudioVersion = 17.10.35013.160
MinimumVisualStudioVersion = 10.0.40219.1
Project("{9A19103F-16F7-4668-BE54-9A1E7A4F7556}") = "MonopolySimulation", "MonopolySimulation\MonopolySimulation.csproj", "{9069341E-64E8-4647-91EE-DC00D43DDF74}"
EndProject
Project("{2150E333-8FDC-42A3-9474-1A3956D46DE8}") = "resources", "resources", "{B8DF9C09-5FD1-4D98-8CBE-A68A769E1668}"
	ProjectSection(SolutionItems) = preProject
		resources\Monopoly Lab Exercise Overview.pdf = resources\Monopoly Lab Exercise Overview.pdf
	EndProjectSection
EndProject
Project("{2150E333-8FDC-42A3-9474-1A3956D46DE8}") = "propertySquares", "propertySquares", "{2D91ECBC-B8CD-4C20-BB9D-C80D5E4D6694}"
	ProjectSection(SolutionItems) = preProject
		propertySquares\createProperties.sql = propertySquares\createProperties.sql
		propertySquares\createProperties.txt = propertySquares\createProperties.txt
		propertySquares\PropertySquares.csv = propertySquares\PropertySquares.csv
		propertySquares\PropertySquaresName.csv = propertySquares\PropertySquaresName.csv
	EndProjectSection
EndProject
Project("{FAE04EC0-301F-11D3-BF4B-00C04F79EFBC}") = "MonopolySimulation.Tests", "MonopolySimulation.Tests\MonopolySimulation.Tests.csproj", "{6D629C4B-D019-45C8-91DD-88B485530408}"
EndProject
Project("{FAE04EC0-301F-11D3-BF4B-00C04F79EFBC}") = "MonopolySimulation.Tests2", "MonopolySimulation.Tests2\MonopolySimulation.Tests2.csproj", "{6062F419-7AA1-4361-AEDC-B919EF342092}"
EndProject
Global
	GlobalSection(SolutionConfigurationPlatforms) = preSolution
		Debug|Any CPU = Debug|Any CPU
		Release|Any CPU = Release|Any CPU
	EndGlobalSection
	GlobalSection(ProjectConfigurationPlatforms) = postSolution
		{9069341E-64E8-4647-91EE-DC00D43DDF74}.Debug|Any CPU.ActiveCfg = Debug|Any CPU
		{9069341E-64E8-4647-91EE-DC00D43DDF74}.Debug|Any CPU.Build.0 = Debug|Any CPU
		{9069341E-64E8-4647-91EE-DC00D43DDF74}.Release|Any CPU.ActiveCfg = Release|Any CPU
		{9069341E-64E8-4647-91EE-DC00D43DDF74}.Release|Any CPU.Build.0 = Release|Any CPU
		{6D629C4B-D019-45C8-91DD-88B485530408}.Debug|Any CPU.ActiveCfg = Debug|Any CPU
		{6D629C4B-D019-45C8-91DD-88B485530408}.Debug|Any CPU.Build.0 = Debug|Any CPU
		{6D629C4B-D019-45C8-91DD-88B485530408}.Release|Any CPU.ActiveCfg = Release|Any CPU
		{6D629C4B-D019-45C8-91DD-88B485530408}.Release|Any CPU.Build.0 = Release|Any CPU
		{6062F419-7AA1-4361-AEDC-B919EF342092}.Debug|Any CPU.ActiveCfg = Debug|Any CPU
		{6062F419-7AA1-4361-AEDC-B919EF342092}.Debug|Any CPU.Build.0 = Debug|Any CPU
		{6062F419-7AA1-4361-AEDC-B919EF342092}.Release|Any CPU.ActiveCfg = Release|Any CPU
		{6062F419-7AA1-4361-AEDC-B919EF342092}.Release|Any CPU.Build.0 = Release|Any CPU
	EndGlobalSection
	GlobalSection(SolutionProperties) = preSolution
		HideSolutionNode = FALSE
	EndGlobalSection
	GlobalSection(ExtensibilityGlobals) = postSolution
		SolutionGuid = {258B39B3-EFCA-4110-80A7-72FE7771D934}
	EndGlobalSection
EndGlobal
